# Generated by `make extensions-lock` from mwz/extensions.yaml. Do not edit.
# The commit each extension is installed at. Re-run to pick up new commits (e.g. REL1_43 backports).
- name: AWS
  repo: https://github.com/edwardspec/mediawiki-aws-s3.git
  tag: v0.14.0
  commit: 87134a4d19d87c1bc3329efde7f0bde642668015
- name: CharInsert
  repo: https://gerrit.wikimedia.org/r/mediawiki/extensions/CharInsert.git
  tag: REL1_43
  commit: 373d1250f3c01cc6a79357cf8bd7a492881a553c
- name: CrawlerProtection
  repo: https://github.com/mywikis/CrawlerProtection.git
  tag: d033cdbac069db70f825be2f6f731930b7f18de7
  commit: d033cdbac069db70f825be2f6f731930b7f18de7
- name: EmbedVideo
  repo: https://github.com/StarCitizenWiki/mediawiki-extensions-EmbedVideo.git
  tag: v4.1.0
  commit: 6982ef6e10a8327a6ecc97eb036f4eb531a6f830
- name: MailAPI
  repo: https://github.com/mailapi/mediawiki-extensions-MailAPI.git
  tag: v0.3.0
  commit: 5a5de60a9d8d72e53edecc5e5a543a7cce13315e
- name: MsUpload
  repo: https://gerrit.wikimedia.org/r/mediawiki/extensions/MsUpload.git
  tag: REL1_43
  commit: 0bd00a3c4ec29ccf3d72d80ac02cf0ac41694d76
- name: Score
  repo: https://gerrit.wikimedia.org/r/mediawiki/extensions/Score.git
  tag: REL1_43
  commit: 743f68ef100772f73550f5c4f39d296c90c96635
- name: SimpleMaps
  repo: https://github.com/jmnote/SimpleMaps.git
  tag: v0.2.2
  commit: e555092b325745e3c7ca09d37f158a6154af005e
- name: SimpleMarkdown
  repo: https://github.com/jmnote/SimpleMarkdown.git
  tag: v0.1.1
  commit: 1d2cb5805a24072eed74d6d7fe896dea7b0ee6aa
- name: SimpleMathJax
  repo: https://github.com/jmnote/SimpleMathJax.git
  tag: v1.1.1
  commit: a45bb1d1d0bd19bebf1e91f8cc248cc530dcb532
- name: SimpleMermaid
  repo: https://github.com/jmnote/SimpleMermaid.git
  tag: v0.1.4
  commit: 90609875f9bf5e50cf6e53fb81a058084b7c2c55
- name: TemplateStyles
  repo: https://gerrit.wikimedia.org/r/mediawiki/extensions/TemplateStyles.git
  tag: REL1_43
  commit: a0105a631bbbf8b32e05cf8f6d69500d4185bccb
